
Microsoft Visual Studio Solution File, Format Version 12.00
# Visual Studio Version 17
VisualStudioVersion = 17.6.33723.286
MinimumVisualStudioVersion = 10.0.40219.1
Project("{FAE04EC0-301F-11D3-BF4B-00C04F79EFBC}") = "TerroristC4Programs", "TerroristC4Programs\TerroristC4Programs.csproj", "{31B629B6-7E9C-4FD2-AF31-8E487A62ABC2}"
EndProject
Global
	GlobalSection(SolutionConfigurationPlatforms) = preSolution
		Debug|Any CPU = Debug|Any CPU
		Release|Any CPU = Release|Any CPU
	EndGlobalSection
	GlobalSection(ProjectConfigurationPlatforms) = postSolution
		{31B629B6-7E9C-4FD2-AF31-8E487A62ABC2}.Debug|Any CPU.ActiveCfg = Debug|Any CPU
		{31B629B6-7E9C-4FD2-AF31-8E487A62ABC2}.Debug|Any CPU.Build.0 = Debug|Any CPU
		{31B629B6-7E9C-4FD2-AF31-8E487A62ABC2}.Release|Any CPU.ActiveCfg = Release|Any CPU
		{31B629B6-7E9C-4FD2-AF31-8E487A62ABC2}.Release|Any CPU.Build.0 = Release|Any CPU
	EndGlobalSection
	GlobalSection(SolutionProperties) = preSolution
		HideSolutionNode = FALSE
	EndGlobalSection
	GlobalSection(ExtensibilityGlobals) = postSolution
		SolutionGuid = {81039FEE-B71F-4AC3-8289-E5DA8ADDAEE5}
	EndGlobalSection
EndGlobal
