
Microsoft Visual Studio Solution File, Format Version 12.00
# Visual Studio Version 16
VisualStudioVersion = 16.0.31515.178
MinimumVisualStudioVersion = 10.0.40219.1
Project("{FAE04EC0-301F-11D3-BF4B-00C04F79EFBC}") = "CustomHeroName", "CustomHeroName\CustomHeroName.csproj", "{C122D4C5-032A-4210-9D28-21092737037B}"
EndProject
Global
	GlobalSection(SolutionConfigurationPlatforms) = preSolution
		Debug|Any CPU = Debug|Any CPU
		Release|Any CPU = Release|Any CPU
	EndGlobalSection
	GlobalSection(ProjectConfigurationPlatforms) = postSolution
		{C122D4C5-032A-4210-9D28-21092737037B}.Debug|Any CPU.ActiveCfg = Debug|Any CPU
		{C122D4C5-032A-4210-9D28-21092737037B}.Debug|Any CPU.Build.0 = Debug|Any CPU
		{C122D4C5-032A-4210-9D28-21092737037B}.Release|Any CPU.ActiveCfg = Release|Any CPU
		{C122D4C5-032A-4210-9D28-21092737037B}.Release|Any CPU.Build.0 = Release|Any CPU
	EndGlobalSection
	GlobalSection(SolutionProperties) = preSolution
		HideSolutionNode = FALSE
	EndGlobalSection
	GlobalSection(ExtensibilityGlobals) = postSolution
		SolutionGuid = {D3E5F461-0A9A-47C5-835C-4BFCEB27C22B}
	EndGlobalSection
EndGlobal
