
Microsoft Visual Studio Solution File, Format Version 12.00
# Visual Studio Version 16
VisualStudioVersion = 16.0.31624.102
MinimumVisualStudioVersion = 10.0.40219.1
Project("{FAE04EC0-301F-11D3-BF4B-00C04F79EFBC}") = "TweaksFromPigs", "TweaksFromPigs\TweaksFromPigs.csproj", "{F4A8332D-CF65-4518-B7DF-EB405B9ADE90}"
EndProject
Global
	GlobalSection(SolutionConfigurationPlatforms) = preSolution
		Debug|Any CPU = Debug|Any CPU
		Release|Any CPU = Release|Any CPU
	EndGlobalSection
	GlobalSection(ProjectConfigurationPlatforms) = postSolution
		{F4A8332D-CF65-4518-B7DF-EB405B9ADE90}.Debug|Any CPU.ActiveCfg = Debug|Any CPU
		{F4A8332D-CF65-4518-B7DF-EB405B9ADE90}.Debug|Any CPU.Build.0 = Debug|Any CPU
		{F4A8332D-CF65-4518-B7DF-EB405B9ADE90}.Release|Any CPU.ActiveCfg = Release|Any CPU
		{F4A8332D-CF65-4518-B7DF-EB405B9ADE90}.Release|Any CPU.Build.0 = Release|Any CPU
	EndGlobalSection
	GlobalSection(SolutionProperties) = preSolution
		HideSolutionNode = FALSE
	EndGlobalSection
	GlobalSection(ExtensibilityGlobals) = postSolution
		SolutionGuid = {0A0FFC57-70B6-4A8D-9FAC-5214D7725DA4}
	EndGlobalSection
EndGlobal
