
Microsoft Visual Studio Solution File, Format Version 12.00
# Visual Studio Version 17
VisualStudioVersion = 17.6.33723.286
MinimumVisualStudioVersion = 10.0.40219.1
Project("{FAE04EC0-301F-11D3-BF4B-00C04F79EFBC}") = "SmallerHUD", "SmallerHUD\SmallerHUD.csproj", "{C438C1D9-1E69-4BF2-839C-56812FF470C9}"
EndProject
Global
	GlobalSection(SolutionConfigurationPlatforms) = preSolution
		Debug|Any CPU = Debug|Any CPU
		Release|Any CPU = Release|Any CPU
	EndGlobalSection
	GlobalSection(ProjectConfigurationPlatforms) = postSolution
		{C438C1D9-1E69-4BF2-839C-56812FF470C9}.Debug|Any CPU.ActiveCfg = Debug|Any CPU
		{C438C1D9-1E69-4BF2-839C-56812FF470C9}.Debug|Any CPU.Build.0 = Debug|Any CPU
		{C438C1D9-1E69-4BF2-839C-56812FF470C9}.Release|Any CPU.ActiveCfg = Release|Any CPU
		{C438C1D9-1E69-4BF2-839C-56812FF470C9}.Release|Any CPU.Build.0 = Release|Any CPU
	EndGlobalSection
	GlobalSection(SolutionProperties) = preSolution
		HideSolutionNode = FALSE
	EndGlobalSection
	GlobalSection(ExtensibilityGlobals) = postSolution
		SolutionGuid = {54D79CC7-A22B-4518-80A1-D9452E9BA12A}
	EndGlobalSection
EndGlobal
