
Microsoft Visual Studio Solution File, Format Version 12.00
# Visual Studio Version 16
VisualStudioVersion = 16.0.31727.386
MinimumVisualStudioVersion = 10.0.40219.1
Project("{FAE04EC0-301F-11D3-BF4B-00C04F79EFBC}") = "Proc_Gen_Mod", "Proc_Gen_Mod.csproj", "{D1AACFA6-7F9A-4E37-A1AE-F78FEC641115}"
EndProject
Global
	GlobalSection(SolutionConfigurationPlatforms) = preSolution
		Debug|Any CPU = Debug|Any CPU
		Release|Any CPU = Release|Any CPU
	EndGlobalSection
	GlobalSection(ProjectConfigurationPlatforms) = postSolution
		{D1AACFA6-7F9A-4E37-A1AE-F78FEC641115}.Debug|Any CPU.ActiveCfg = Debug|Any CPU
		{D1AACFA6-7F9A-4E37-A1AE-F78FEC641115}.Debug|Any CPU.Build.0 = Debug|Any CPU
		{D1AACFA6-7F9A-4E37-A1AE-F78FEC641115}.Release|Any CPU.ActiveCfg = Release|Any CPU
		{D1AACFA6-7F9A-4E37-A1AE-F78FEC641115}.Release|Any CPU.Build.0 = Release|Any CPU
	EndGlobalSection
	GlobalSection(SolutionProperties) = preSolution
		HideSolutionNode = FALSE
	EndGlobalSection
	GlobalSection(ExtensibilityGlobals) = postSolution
		SolutionGuid = {0EB60BC6-5124-45FA-8320-C41E40FEF7FE}
	EndGlobalSection
EndGlobal
