
Microsoft Visual Studio Solution File, Format Version 12.00
# Visual Studio 15
VisualStudioVersion = 15.0.28307.1525
MinimumVisualStudioVersion = 10.0.40219.1
Project("{FAE04EC0-301F-11D3-BF4B-00C04F79EFBC}") = "FilteredBros", "FilteredBros.csproj", "{45354712-869E-4445-8FF5-929A9DAFFC1C}"
EndProject
Global
	GlobalSection(SolutionConfigurationPlatforms) = preSolution
		Debug|Any CPU = Debug|Any CPU
		Release|Any CPU = Release|Any CPU
	EndGlobalSection
	GlobalSection(ProjectConfigurationPlatforms) = postSolution
		{45354712-869E-4445-8FF5-929A9DAFFC1C}.Debug|Any CPU.ActiveCfg = Debug|Any CPU
		{45354712-869E-4445-8FF5-929A9DAFFC1C}.Debug|Any CPU.Build.0 = Debug|Any CPU
		{45354712-869E-4445-8FF5-929A9DAFFC1C}.Release|Any CPU.ActiveCfg = Release|Any CPU
		{45354712-869E-4445-8FF5-929A9DAFFC1C}.Release|Any CPU.Build.0 = Release|Any CPU
	EndGlobalSection
	GlobalSection(SolutionProperties) = preSolution
		HideSolutionNode = FALSE
	EndGlobalSection
	GlobalSection(ExtensibilityGlobals) = postSolution
		SolutionGuid = {E31CA0A3-196D-441E-879E-4A07671E9DBA}
	EndGlobalSection
EndGlobal
