
Microsoft Visual Studio Solution File, Format Version 12.00
# Visual Studio Version 16
VisualStudioVersion = 16.0.31515.178
MinimumVisualStudioVersion = 10.0.40219.1
Project("{FAE04EC0-301F-11D3-BF4B-00C04F79EFBC}") = "ForBralef", "ForBralef.csproj", "{5FB7AC7D-F378-47DD-AD2E-A345C9F1E1ED}"
EndProject
Global
	GlobalSection(SolutionConfigurationPlatforms) = preSolution
		Debug|Any CPU = Debug|Any CPU
		Release|Any CPU = Release|Any CPU
	EndGlobalSection
	GlobalSection(ProjectConfigurationPlatforms) = postSolution
		{5FB7AC7D-F378-47DD-AD2E-A345C9F1E1ED}.Debug|Any CPU.ActiveCfg = Debug|Any CPU
		{5FB7AC7D-F378-47DD-AD2E-A345C9F1E1ED}.Debug|Any CPU.Build.0 = Debug|Any CPU
		{5FB7AC7D-F378-47DD-AD2E-A345C9F1E1ED}.Release|Any CPU.ActiveCfg = Release|Any CPU
		{5FB7AC7D-F378-47DD-AD2E-A345C9F1E1ED}.Release|Any CPU.Build.0 = Release|Any CPU
	EndGlobalSection
	GlobalSection(SolutionProperties) = preSolution
		HideSolutionNode = FALSE
	EndGlobalSection
	GlobalSection(ExtensibilityGlobals) = postSolution
		SolutionGuid = {888F8065-1740-4749-A9DF-114932F65E93}
	EndGlobalSection
EndGlobal
