
Microsoft Visual Studio Solution File, Format Version 12.00
# Visual Studio Version 17
VisualStudioVersion = 17.3.32929.385
MinimumVisualStudioVersion = 10.0.40219.1
Project("{FAE04EC0-301F-11D3-BF4B-00C04F79EFBC}") = "NoMoreCutscenes", "NoMoreCutscenes.csproj", "{D6B9C1C6-145D-492F-8F7A-6091095B3EC3}"
EndProject
Global
	GlobalSection(SolutionConfigurationPlatforms) = preSolution
		Debug|Any CPU = Debug|Any CPU
		Release|Any CPU = Release|Any CPU
	EndGlobalSection
	GlobalSection(ProjectConfigurationPlatforms) = postSolution
		{D6B9C1C6-145D-492F-8F7A-6091095B3EC3}.Debug|Any CPU.ActiveCfg = Debug|Any CPU
		{D6B9C1C6-145D-492F-8F7A-6091095B3EC3}.Debug|Any CPU.Build.0 = Debug|Any CPU
		{D6B9C1C6-145D-492F-8F7A-6091095B3EC3}.Release|Any CPU.ActiveCfg = Release|Any CPU
		{D6B9C1C6-145D-492F-8F7A-6091095B3EC3}.Release|Any CPU.Build.0 = Release|Any CPU
	EndGlobalSection
	GlobalSection(SolutionProperties) = preSolution
		HideSolutionNode = FALSE
	EndGlobalSection
	GlobalSection(ExtensibilityGlobals) = postSolution
		SolutionGuid = {6C851732-77AB-45CB-B6A1-A8EA71138E98}
	EndGlobalSection
EndGlobal
