
Microsoft Visual Studio Solution File, Format Version 12.00
# Visual Studio Version 17
VisualStudioVersion = 17.9.34728.123
MinimumVisualStudioVersion = 10.0.40219.1
Project("{FAE04EC0-301F-11D3-BF4B-00C04F79EFBC}") = "SearchLocalCampaignFaster", "SearchLocalCampaignFaster.csproj", "{63355E42-C4AF-4A8A-BE88-AF5826BA7116}"
EndProject
Global
	GlobalSection(SolutionConfigurationPlatforms) = preSolution
		Debug|Any CPU = Debug|Any CPU
		Release|Any CPU = Release|Any CPU
	EndGlobalSection
	GlobalSection(ProjectConfigurationPlatforms) = postSolution
		{63355E42-C4AF-4A8A-BE88-AF5826BA7116}.Debug|Any CPU.ActiveCfg = Debug|Any CPU
		{63355E42-C4AF-4A8A-BE88-AF5826BA7116}.Debug|Any CPU.Build.0 = Debug|Any CPU
		{63355E42-C4AF-4A8A-BE88-AF5826BA7116}.Release|Any CPU.ActiveCfg = Release|Any CPU
		{63355E42-C4AF-4A8A-BE88-AF5826BA7116}.Release|Any CPU.Build.0 = Release|Any CPU
	EndGlobalSection
	GlobalSection(SolutionProperties) = preSolution
		HideSolutionNode = FALSE
	EndGlobalSection
	GlobalSection(ExtensibilityGlobals) = postSolution
		SolutionGuid = {BAA299FE-84EF-4A04-9598-77983A38A449}
	EndGlobalSection
EndGlobal
