
Microsoft Visual Studio Solution File, Format Version 12.00
# Visual Studio Version 17
VisualStudioVersion = 17.6.33723.286
MinimumVisualStudioVersion = 10.0.40219.1
Project("{FAE04EC0-301F-11D3-BF4B-00C04F79EFBC}") = "RogueforceMod", "RogueforceMod\RogueforceMod.csproj", "{9B770D71-4BBC-4BE8-A8D4-2A741D979481}"
EndProject
Global
	GlobalSection(SolutionConfigurationPlatforms) = preSolution
		Debug|Any CPU = Debug|Any CPU
		Release|Any CPU = Release|Any CPU
	EndGlobalSection
	GlobalSection(ProjectConfigurationPlatforms) = postSolution
		{9B770D71-4BBC-4BE8-A8D4-2A741D979481}.Debug|Any CPU.ActiveCfg = Debug|Any CPU
		{9B770D71-4BBC-4BE8-A8D4-2A741D979481}.Debug|Any CPU.Build.0 = Debug|Any CPU
		{9B770D71-4BBC-4BE8-A8D4-2A741D979481}.Release|Any CPU.ActiveCfg = Release|Any CPU
		{9B770D71-4BBC-4BE8-A8D4-2A741D979481}.Release|Any CPU.Build.0 = Release|Any CPU
	EndGlobalSection
	GlobalSection(SolutionProperties) = preSolution
		HideSolutionNode = FALSE
	EndGlobalSection
	GlobalSection(ExtensibilityGlobals) = postSolution
		SolutionGuid = {0CA44729-AFE9-4502-B4F6-15344F094865}
	EndGlobalSection
EndGlobal
