
Microsoft Visual Studio Solution File, Format Version 12.00
# Visual Studio 15
VisualStudioVersion = 15.0.28307.1500
MinimumVisualStudioVersion = 10.0.40219.1
Project("{FAE04EC0-301F-11D3-BF4B-00C04F79EFBC}") = "Surprise", "Surprise\Surprise.csproj", "{D27EDEE1-4809-4017-AE6E-594DF6F72ECE}"
EndProject
Global
	GlobalSection(SolutionConfigurationPlatforms) = preSolution
		Debug|Any CPU = Debug|Any CPU
		Release|Any CPU = Release|Any CPU
	EndGlobalSection
	GlobalSection(ProjectConfigurationPlatforms) = postSolution
		{D27EDEE1-4809-4017-AE6E-594DF6F72ECE}.Debug|Any CPU.ActiveCfg = Debug|Any CPU
		{D27EDEE1-4809-4017-AE6E-594DF6F72ECE}.Debug|Any CPU.Build.0 = Debug|Any CPU
		{D27EDEE1-4809-4017-AE6E-594DF6F72ECE}.Release|Any CPU.ActiveCfg = Release|Any CPU
		{D27EDEE1-4809-4017-AE6E-594DF6F72ECE}.Release|Any CPU.Build.0 = Release|Any CPU
	EndGlobalSection
	GlobalSection(SolutionProperties) = preSolution
		HideSolutionNode = FALSE
	EndGlobalSection
	GlobalSection(ExtensibilityGlobals) = postSolution
		SolutionGuid = {4102B7F1-FED6-4C8B-B885-472FC61032A5}
	EndGlobalSection
EndGlobal
