
Microsoft Visual Studio Solution File, Format Version 12.00
# Visual Studio 15
VisualStudioVersion = 15.0.28307.1500
MinimumVisualStudioVersion = 10.0.40219.1
Project("{FAE04EC0-301F-11D3-BF4B-00C04F79EFBC}") = "SkeletonDeadFace", "SkeletonDeadFace.csproj", "{33D2C25A-0F53-4A2C-996C-18159F91CC7C}"
EndProject
Global
	GlobalSection(SolutionConfigurationPlatforms) = preSolution
		Debug|Any CPU = Debug|Any CPU
		Release|Any CPU = Release|Any CPU
	EndGlobalSection
	GlobalSection(ProjectConfigurationPlatforms) = postSolution
		{33D2C25A-0F53-4A2C-996C-18159F91CC7C}.Debug|Any CPU.ActiveCfg = Debug|Any CPU
		{33D2C25A-0F53-4A2C-996C-18159F91CC7C}.Debug|Any CPU.Build.0 = Debug|Any CPU
		{33D2C25A-0F53-4A2C-996C-18159F91CC7C}.Release|Any CPU.ActiveCfg = Release|Any CPU
		{33D2C25A-0F53-4A2C-996C-18159F91CC7C}.Release|Any CPU.Build.0 = Release|Any CPU
	EndGlobalSection
	GlobalSection(SolutionProperties) = preSolution
		HideSolutionNode = FALSE
	EndGlobalSection
	GlobalSection(ExtensibilityGlobals) = postSolution
		SolutionGuid = {84A6D9CA-7D89-487E-9244-AE9E429DCD66}
	EndGlobalSection
EndGlobal
