
Microsoft Visual Studio Solution File, Format Version 12.00
# Visual Studio Version 16
VisualStudioVersion = 16.0.31727.386
MinimumVisualStudioVersion = 10.0.40219.1
Project("{FAE04EC0-301F-11D3-BF4B-00C04F79EFBC}") = "FreeNitroMod", "FreeNitroMod.csproj", "{081A26FC-7FAC-471F-9B7C-5236ECE5F5A8}"
EndProject
Global
	GlobalSection(SolutionConfigurationPlatforms) = preSolution
		Debug|Any CPU = Debug|Any CPU
		Release|Any CPU = Release|Any CPU
	EndGlobalSection
	GlobalSection(ProjectConfigurationPlatforms) = postSolution
		{081A26FC-7FAC-471F-9B7C-5236ECE5F5A8}.Debug|Any CPU.ActiveCfg = Debug|Any CPU
		{081A26FC-7FAC-471F-9B7C-5236ECE5F5A8}.Debug|Any CPU.Build.0 = Debug|Any CPU
		{081A26FC-7FAC-471F-9B7C-5236ECE5F5A8}.Release|Any CPU.ActiveCfg = Release|Any CPU
		{081A26FC-7FAC-471F-9B7C-5236ECE5F5A8}.Release|Any CPU.Build.0 = Release|Any CPU
	EndGlobalSection
	GlobalSection(SolutionProperties) = preSolution
		HideSolutionNode = FALSE
	EndGlobalSection
	GlobalSection(ExtensibilityGlobals) = postSolution
		SolutionGuid = {627B7CAD-79C8-4455-856E-C78F890B022F}
	EndGlobalSection
EndGlobal
