
Microsoft Visual Studio Solution File, Format Version 12.00
# Visual Studio Version 17
VisualStudioVersion = 17.8.34330.188
MinimumVisualStudioVersion = 10.0.40219.1
Project("{FAE04EC0-301F-11D3-BF4B-00C04F79EFBC}") = "DoubleBroSevenTrained", "DoubleBroSevenTrained.csproj", "{59C1B0B9-CCB8-40E8-B3DE-7EC10A40514A}"
EndProject
Global
	GlobalSection(SolutionConfigurationPlatforms) = preSolution
		Debug|Any CPU = Debug|Any CPU
		Release|Any CPU = Release|Any CPU
	EndGlobalSection
	GlobalSection(ProjectConfigurationPlatforms) = postSolution
		{59C1B0B9-CCB8-40E8-B3DE-7EC10A40514A}.Debug|Any CPU.ActiveCfg = Debug|Any CPU
		{59C1B0B9-CCB8-40E8-B3DE-7EC10A40514A}.Debug|Any CPU.Build.0 = Debug|Any CPU
		{59C1B0B9-CCB8-40E8-B3DE-7EC10A40514A}.Release|Any CPU.ActiveCfg = Release|Any CPU
		{59C1B0B9-CCB8-40E8-B3DE-7EC10A40514A}.Release|Any CPU.Build.0 = Release|Any CPU
	EndGlobalSection
	GlobalSection(SolutionProperties) = preSolution
		HideSolutionNode = FALSE
	EndGlobalSection
	GlobalSection(ExtensibilityGlobals) = postSolution
		SolutionGuid = {A95A64E3-EC9A-4192-A6E9-407AB6EB0DBE}
	EndGlobalSection
EndGlobal
